
Microsoft Visual Studio Solution File, Format Version 11.00
# Visual Studio 2010
Project("{FAE04EC0-301F-11D3-BF4B-00C04F79EFBC}") = "WHMange", "WHMange\WHMange.csproj", "{CFDDE6A9-7E8D-46B1-950C-8032F2C3838B}"
EndProject
Project("{FAE04EC0-301F-11D3-BF4B-00C04F79EFBC}") = "Model", "Model\Model.csproj", "{F086B2F7-C749-4B51-B1B0-6DE359604379}"
EndProject
Project("{FAE04EC0-301F-11D3-BF4B-00C04F79EFBC}") = "IDAL", "IDAL\IDAL.csproj", "{E7DA2AFB-DF58-420C-9B89-4126CEEBBCF7}"
EndProject
Project("{FAE04EC0-301F-11D3-BF4B-00C04F79EFBC}") = "DALFactory", "DALFactory\DALFactory.csproj", "{70AE6A70-CE23-4550-9FFE-E56DA98ACD97}"
EndProject
Project("{FAE04EC0-301F-11D3-BF4B-00C04F79EFBC}") = "DBUtility", "DBUtility\DBUtility.csproj", "{0DD11735-DE2B-440C-83F8-278F617D2B2D}"
EndProject
Project("{FAE04EC0-301F-11D3-BF4B-00C04F79EFBC}") = "SQLServerDAL", "SQLServerDAL\SQLServerDAL.csproj", "{15C012FC-7FD5-4EE1-AA9B-6799AAEE0B0C}"
EndProject
Project("{FAE04EC0-301F-11D3-BF4B-00C04F79EFBC}") = "Common", "Common\Common.csproj", "{5BC13829-19A0-417D-805C-7D101375A3A8}"
EndProject
Project("{FAE04EC0-301F-11D3-BF4B-00C04F79EFBC}") = "ShopManage", "ShopManage\ShopManage.csproj", "{D4501928-2DEC-40A8-903F-6593CAD93A6C}"
EndProject
Project("{FAE04EC0-301F-11D3-BF4B-00C04F79EFBC}") = "test", "test\test.csproj", "{FE3F4F38-B457-4551-9797-A0DA7AA7B6A5}"
EndProject
Project("{FAE04EC0-301F-11D3-BF4B-00C04F79EFBC}") = "IBLL", "IBLL\IBLL.csproj", "{88A165A2-7DF2-486C-ADC5-F2117087CABE}"
EndProject
Project("{FAE04EC0-301F-11D3-BF4B-00C04F79EFBC}") = "BLL", "BLL\BLL.csproj", "{3895FE8B-D53A-474D-AEDA-97D0F1CE5A1A}"
EndProject
Global
	GlobalSection(SolutionConfigurationPlatforms) = preSolution
		Debug|Any CPU = Debug|Any CPU
		Debug|Mixed Platforms = Debug|Mixed Platforms
		Debug|x86 = Debug|x86
		Release|Any CPU = Release|Any CPU
		Release|Mixed Platforms = Release|Mixed Platforms
		Release|x86 = Release|x86
	EndGlobalSection
	GlobalSection(ProjectConfigurationPlatforms) = postSolution
		{CFDDE6A9-7E8D-46B1-950C-8032F2C3838B}.Debug|Any CPU.ActiveCfg = Debug|Any CPU
		{CFDDE6A9-7E8D-46B1-950C-8032F2C3838B}.Debug|Any CPU.Build.0 = Debug|Any CPU
		{CFDDE6A9-7E8D-46B1-950C-8032F2C3838B}.Debug|Mixed Platforms.ActiveCfg = Debug|Any CPU
		{CFDDE6A9-7E8D-46B1-950C-8032F2C3838B}.Debug|Mixed Platforms.Build.0 = Debug|Any CPU
		{CFDDE6A9-7E8D-46B1-950C-8032F2C3838B}.Debug|x86.ActiveCfg = Debug|Any CPU
		{CFDDE6A9-7E8D-46B1-950C-8032F2C3838B}.Release|Any CPU.ActiveCfg = Release|Any CPU
		{CFDDE6A9-7E8D-46B1-950C-8032F2C3838B}.Release|Any CPU.Build.0 = Release|Any CPU
		{CFDDE6A9-7E8D-46B1-950C-8032F2C3838B}.Release|Mixed Platforms.ActiveCfg = Release|Any CPU
		{CFDDE6A9-7E8D-46B1-950C-8032F2C3838B}.Release|Mixed Platforms.Build.0 = Release|Any CPU
		{CFDDE6A9-7E8D-46B1-950C-8032F2C3838B}.Release|x86.ActiveCfg = Release|Any CPU
		{F086B2F7-C749-4B51-B1B0-6DE359604379}.Debug|Any CPU.ActiveCfg = Debug|Any CPU
		{F086B2F7-C749-4B51-B1B0-6DE359604379}.Debug|Any CPU.Build.0 = Debug|Any CPU
		{F086B2F7-C749-4B51-B1B0-6DE359604379}.Debug|Mixed Platforms.ActiveCfg = Debug|Any CPU
		{F086B2F7-C749-4B51-B1B0-6DE359604379}.Debug|Mixed Platforms.Build.0 = Debug|Any CPU
		{F086B2F7-C749-4B51-B1B0-6DE359604379}.Debug|x86.ActiveCfg = Debug|Any CPU
		{F086B2F7-C749-4B51-B1B0-6DE359604379}.Release|Any CPU.ActiveCfg = Release|Any CPU
		{F086B2F7-C749-4B51-B1B0-6DE359604379}.Release|Any CPU.Build.0 = Release|Any CPU
		{F086B2F7-C749-4B51-B1B0-6DE359604379}.Release|Mixed Platforms.ActiveCfg = Release|Any CPU
		{F086B2F7-C749-4B51-B1B0-6DE359604379}.Release|Mixed Platforms.Build.0 = Release|Any CPU
		{F086B2F7-C749-4B51-B1B0-6DE359604379}.Release|x86.ActiveCfg = Release|Any CPU
		{E7DA2AFB-DF58-420C-9B89-4126CEEBBCF7}.Debug|Any CPU.ActiveCfg = Debug|Any CPU
		{E7DA2AFB-DF58-420C-9B89-4126CEEBBCF7}.Debug|Any CPU.Build.0 = Debug|Any CPU
		{E7DA2AFB-DF58-420C-9B89-4126CEEBBCF7}.Debug|Mixed Platforms.ActiveCfg = Debug|Any CPU
		{E7DA2AFB-DF58-420C-9B89-4126CEEBBCF7}.Debug|Mixed Platforms.Build.0 = Debug|Any CPU
		{E7DA2AFB-DF58-420C-9B89-4126CEEBBCF7}.Debug|x86.ActiveCfg = Debug|Any CPU
		{E7DA2AFB-DF58-420C-9B89-4126CEEBBCF7}.Release|Any CPU.ActiveCfg = Release|Any CPU
		{E7DA2AFB-DF58-420C-9B89-4126CEEBBCF7}.Release|Any CPU.Build.0 = Release|Any CPU
		{E7DA2AFB-DF58-420C-9B89-4126CEEBBCF7}.Release|Mixed Platforms.ActiveCfg = Release|Any CPU
		{E7DA2AFB-DF58-420C-9B89-4126CEEBBCF7}.Release|Mixed Platforms.Build.0 = Release|Any CPU
		{E7DA2AFB-DF58-420C-9B89-4126CEEBBCF7}.Release|x86.ActiveCfg = Release|Any CPU
		{70AE6A70-CE23-4550-9FFE-E56DA98ACD97}.Debug|Any CPU.ActiveCfg = Debug|Any CPU
		{70AE6A70-CE23-4550-9FFE-E56DA98ACD97}.Debug|Any CPU.Build.0 = Debug|Any CPU
		{70AE6A70-CE23-4550-9FFE-E56DA98ACD97}.Debug|Mixed Platforms.ActiveCfg = Debug|Any CPU
		{70AE6A70-CE23-4550-9FFE-E56DA98ACD97}.Debug|Mixed Platforms.Build.0 = Debug|Any CPU
		{70AE6A70-CE23-4550-9FFE-E56DA98ACD97}.Debug|x86.ActiveCfg = Debug|Any CPU
		{70AE6A70-CE23-4550-9FFE-E56DA98ACD97}.Release|Any CPU.ActiveCfg = Release|Any CPU
		{70AE6A70-CE23-4550-9FFE-E56DA98ACD97}.Release|Any CPU.Build.0 = Release|Any CPU
		{70AE6A70-CE23-4550-9FFE-E56DA98ACD97}.Release|Mixed Platforms.ActiveCfg = Release|Any CPU
		{70AE6A70-CE23-4550-9FFE-E56DA98ACD97}.Release|Mixed Platforms.Build.0 = Release|Any CPU
		{70AE6A70-CE23-4550-9FFE-E56DA98ACD97}.Release|x86.ActiveCfg = Release|Any CPU
		{0DD11735-DE2B-440C-83F8-278F617D2B2D}.Debug|Any CPU.ActiveCfg = Debug|Any CPU
		{0DD11735-DE2B-440C-83F8-278F617D2B2D}.Debug|Any CPU.Build.0 = Debug|Any CPU
		{0DD11735-DE2B-440C-83F8-278F617D2B2D}.Debug|Mixed Platforms.ActiveCfg = Debug|Any CPU
		{0DD11735-DE2B-440C-83F8-278F617D2B2D}.Debug|Mixed Platforms.Build.0 = Debug|Any CPU
		{0DD11735-DE2B-440C-83F8-278F617D2B2D}.Debug|x86.ActiveCfg = Debug|Any CPU
		{0DD11735-DE2B-440C-83F8-278F617D2B2D}.Release|Any CPU.ActiveCfg = Release|Any CPU
		{0DD11735-DE2B-440C-83F8-278F617D2B2D}.Release|Any CPU.Build.0 = Release|Any CPU
		{0DD11735-DE2B-440C-83F8-278F617D2B2D}.Release|Mixed Platforms.ActiveCfg = Release|Any CPU
		{0DD11735-DE2B-440C-83F8-278F617D2B2D}.Release|Mixed Platforms.Build.0 = Release|Any CPU
		{0DD11735-DE2B-440C-83F8-278F617D2B2D}.Release|x86.ActiveCfg = Release|Any CPU
		{15C012FC-7FD5-4EE1-AA9B-6799AAEE0B0C}.Debug|Any CPU.ActiveCfg = Debug|Any CPU
		{15C012FC-7FD5-4EE1-AA9B-6799AAEE0B0C}.Debug|Any CPU.Build.0 = Debug|Any CPU
		{15C012FC-7FD5-4EE1-AA9B-6799AAEE0B0C}.Debug|Mixed Platforms.ActiveCfg = Debug|Any CPU
		{15C012FC-7FD5-4EE1-AA9B-6799AAEE0B0C}.Debug|Mixed Platforms.Build.0 = Debug|Any CPU
		{15C012FC-7FD5-4EE1-AA9B-6799AAEE0B0C}.Debug|x86.ActiveCfg = Debug|Any CPU
		{15C012FC-7FD5-4EE1-AA9B-6799AAEE0B0C}.Release|Any CPU.ActiveCfg = Release|Any CPU
		{15C012FC-7FD5-4EE1-AA9B-6799AAEE0B0C}.Release|Any CPU.Build.0 = Release|Any CPU
		{15C012FC-7FD5-4EE1-AA9B-6799AAEE0B0C}.Release|Mixed Platforms.ActiveCfg = Release|Any CPU
		{15C012FC-7FD5-4EE1-AA9B-6799AAEE0B0C}.Release|Mixed Platforms.Build.0 = Release|Any CPU
		{15C012FC-7FD5-4EE1-AA9B-6799AAEE0B0C}.Release|x86.ActiveCfg = Release|Any CPU
		{5BC13829-19A0-417D-805C-7D101375A3A8}.Debug|Any CPU.ActiveCfg = Debug|Any CPU
		{5BC13829-19A0-417D-805C-7D101375A3A8}.Debug|Any CPU.Build.0 = Debug|Any CPU
		{5BC13829-19A0-417D-805C-7D101375A3A8}.Debug|Mixed Platforms.ActiveCfg = Debug|Any CPU
		{5BC13829-19A0-417D-805C-7D101375A3A8}.Debug|Mixed Platforms.Build.0 = Debug|Any CPU
		{5BC13829-19A0-417D-805C-7D101375A3A8}.Debug|x86.ActiveCfg = Debug|Any CPU
		{5BC13829-19A0-417D-805C-7D101375A3A8}.Release|Any CPU.ActiveCfg = Release|Any CPU
		{5BC13829-19A0-417D-805C-7D101375A3A8}.Release|Any CPU.Build.0 = Release|Any CPU
		{5BC13829-19A0-417D-805C-7D101375A3A8}.Release|Mixed Platforms.ActiveCfg = Release|Any CPU
		{5BC13829-19A0-417D-805C-7D101375A3A8}.Release|Mixed Platforms.Build.0 = Release|Any CPU
		{5BC13829-19A0-417D-805C-7D101375A3A8}.Release|x86.ActiveCfg = Release|Any CPU
		{D4501928-2DEC-40A8-903F-6593CAD93A6C}.Debug|Any CPU.ActiveCfg = Debug|Any CPU
		{D4501928-2DEC-40A8-903F-6593CAD93A6C}.Debug|Any CPU.Build.0 = Debug|Any CPU
		{D4501928-2DEC-40A8-903F-6593CAD93A6C}.Debug|Mixed Platforms.ActiveCfg = Debug|Any CPU
		{D4501928-2DEC-40A8-903F-6593CAD93A6C}.Debug|Mixed Platforms.Build.0 = Debug|Any CPU
		{D4501928-2DEC-40A8-903F-6593CAD93A6C}.Debug|x86.ActiveCfg = Debug|Any CPU
		{D4501928-2DEC-40A8-903F-6593CAD93A6C}.Release|Any CPU.ActiveCfg = Release|Any CPU
		{D4501928-2DEC-40A8-903F-6593CAD93A6C}.Release|Any CPU.Build.0 = Release|Any CPU
		{D4501928-2DEC-40A8-903F-6593CAD93A6C}.Release|Mixed Platforms.ActiveCfg = Release|Any CPU
		{D4501928-2DEC-40A8-903F-6593CAD93A6C}.Release|Mixed Platforms.Build.0 = Release|Any CPU
		{D4501928-2DEC-40A8-903F-6593CAD93A6C}.Release|x86.ActiveCfg = Release|Any CPU
		{FE3F4F38-B457-4551-9797-A0DA7AA7B6A5}.Debug|Any CPU.ActiveCfg = Debug|x86
		{FE3F4F38-B457-4551-9797-A0DA7AA7B6A5}.Debug|Mixed Platforms.ActiveCfg = Debug|x86
		{FE3F4F38-B457-4551-9797-A0DA7AA7B6A5}.Debug|Mixed Platforms.Build.0 = Debug|x86
		{FE3F4F38-B457-4551-9797-A0DA7AA7B6A5}.Debug|x86.ActiveCfg = Debug|x86
		{FE3F4F38-B457-4551-9797-A0DA7AA7B6A5}.Debug|x86.Build.0 = Debug|x86
		{FE3F4F38-B457-4551-9797-A0DA7AA7B6A5}.Release|Any CPU.ActiveCfg = Release|x86
		{FE3F4F38-B457-4551-9797-A0DA7AA7B6A5}.Release|Mixed Platforms.ActiveCfg = Release|x86
		{FE3F4F38-B457-4551-9797-A0DA7AA7B6A5}.Release|Mixed Platforms.Build.0 = Release|x86
		{FE3F4F38-B457-4551-9797-A0DA7AA7B6A5}.Release|x86.ActiveCfg = Release|x86
		{FE3F4F38-B457-4551-9797-A0DA7AA7B6A5}.Release|x86.Build.0 = Release|x86
		{88A165A2-7DF2-486C-ADC5-F2117087CABE}.Debug|Any CPU.ActiveCfg = Debug|Any CPU
		{88A165A2-7DF2-486C-ADC5-F2117087CABE}.Debug|Any CPU.Build.0 = Debug|Any CPU
		{88A165A2-7DF2-486C-ADC5-F2117087CABE}.Debug|Mixed Platforms.ActiveCfg = Debug|Any CPU
		{88A165A2-7DF2-486C-ADC5-F2117087CABE}.Debug|Mixed Platforms.Build.0 = Debug|Any CPU
		{88A165A2-7DF2-486C-ADC5-F2117087CABE}.Debug|x86.ActiveCfg = Debug|Any CPU
		{88A165A2-7DF2-486C-ADC5-F2117087CABE}.Release|Any CPU.ActiveCfg = Release|Any CPU
		{88A165A2-7DF2-486C-ADC5-F2117087CABE}.Release|Any CPU.Build.0 = Release|Any CPU
		{88A165A2-7DF2-486C-ADC5-F2117087CABE}.Release|Mixed Platforms.ActiveCfg = Release|Any CPU
		{88A165A2-7DF2-486C-ADC5-F2117087CABE}.Release|Mixed Platforms.Build.0 = Release|Any CPU
		{88A165A2-7DF2-486C-ADC5-F2117087CABE}.Release|x86.ActiveCfg = Release|Any CPU
		{3895FE8B-D53A-474D-AEDA-97D0F1CE5A1A}.Debug|Any CPU.ActiveCfg = Debug|Any CPU
		{3895FE8B-D53A-474D-AEDA-97D0F1CE5A1A}.Debug|Any CPU.Build.0 = Debug|Any CPU
		{3895FE8B-D53A-474D-AEDA-97D0F1CE5A1A}.Debug|Mixed Platforms.ActiveCfg = Debug|Any CPU
		{3895FE8B-D53A-474D-AEDA-97D0F1CE5A1A}.Debug|Mixed Platforms.Build.0 = Debug|Any CPU
		{3895FE8B-D53A-474D-AEDA-97D0F1CE5A1A}.Debug|x86.ActiveCfg = Debug|Any CPU
		{3895FE8B-D53A-474D-AEDA-97D0F1CE5A1A}.Release|Any CPU.ActiveCfg = Release|Any CPU
		{3895FE8B-D53A-474D-AEDA-97D0F1CE5A1A}.Release|Any CPU.Build.0 = Release|Any CPU
		{3895FE8B-D53A-474D-AEDA-97D0F1CE5A1A}.Release|Mixed Platforms.ActiveCfg = Release|Any CPU
		{3895FE8B-D53A-474D-AEDA-97D0F1CE5A1A}.Release|Mixed Platforms.Build.0 = Release|Any CPU
		{3895FE8B-D53A-474D-AEDA-97D0F1CE5A1A}.Release|x86.ActiveCfg = Release|Any CPU
	EndGlobalSection
	GlobalSection(SolutionProperties) = preSolution
		HideSolutionNode = FALSE
	EndGlobalSection
EndGlobal
